
Microsoft Visual Studio Solution File, Format Version 12.00
# Visual Studio Version 17
VisualStudioVersion = 17.3.32901.215
MinimumVisualStudioVersion = 10.0.40219.1
Project("{FAE04EC0-301F-11D3-BF4B-00C04F79EFBC}") = "Lista2AcadDotNet", "Lista2AcadDotNet\Lista2AcadDotNet.csproj", "{DB156C7B-CF9C-4269-BED5-D4F8869E7D1B}"
EndProject
Global
	GlobalSection(SolutionConfigurationPlatforms) = preSolution
		Debug|Any CPU = Debug|Any CPU
		Release|Any CPU = Release|Any CPU
	EndGlobalSection
	GlobalSection(ProjectConfigurationPlatforms) = postSolution
		{DB156C7B-CF9C-4269-BED5-D4F8869E7D1B}.Debug|Any CPU.ActiveCfg = Debug|Any CPU
		{DB156C7B-CF9C-4269-BED5-D4F8869E7D1B}.Debug|Any CPU.Build.0 = Debug|Any CPU
		{DB156C7B-CF9C-4269-BED5-D4F8869E7D1B}.Release|Any CPU.ActiveCfg = Release|Any CPU
		{DB156C7B-CF9C-4269-BED5-D4F8869E7D1B}.Release|Any CPU.Build.0 = Release|Any CPU
	EndGlobalSection
	GlobalSection(SolutionProperties) = preSolution
		HideSolutionNode = FALSE
	EndGlobalSection
	GlobalSection(ExtensibilityGlobals) = postSolution
		SolutionGuid = {1E734E81-C2C9-46EE-9CC6-5A30DF69A066}
	EndGlobalSection
EndGlobal
